
Microsoft Visual Studio Solution File, Format Version 12.00
# Visual Studio Version 17
VisualStudioVersion = 17.6.33801.468
MinimumVisualStudioVersion = 10.0.40219.1
Project("{9A19103F-16F7-4668-BE54-9A1E7A4F7556}") = "CodeGenerator", "CodeGenerator\CodeGenerator.csproj", "{13F32FE2-14DF-40E2-987C-6F0E7616CB07}"
EndProject
Project("{9A19103F-16F7-4668-BE54-9A1E7A4F7556}") = "GeneratorClient", "GeneratorClient\GeneratorClient.csproj", "{2D51F589-88B8-43FA-B2D0-0AA8F2EA8E4E}"
EndProject
Project("{9A19103F-16F7-4668-BE54-9A1E7A4F7556}") = "SimpleTCPServer", "SimpleTCPServer\SimpleTCPServer.csproj", "{3EBC3488-E054-4C49-9CD4-5BC184815FB9}"
EndProject
Project("{9A19103F-16F7-4668-BE54-9A1E7A4F7556}") = "DISHPServer", "DISHPServer\DISHPServer.csproj", "{DD0AE83A-B2FB-48FF-8F39-A9B7EA517ECC}"
EndProject
Project("{9A19103F-16F7-4668-BE54-9A1E7A4F7556}") = "DishpClient", "DishpClient\DishpClient.csproj", "{C82F57E0-E0CA-4C6A-8C60-925751F08091}"
EndProject
Project("{9A19103F-16F7-4668-BE54-9A1E7A4F7556}") = "WorkingWithBytesAndStreams", "WorkingWithBytesAndStreams\WorkingWithBytesAndStreams.csproj", "{2678FC02-1500-4E7B-8B58-885DEEE4F3AA}"
EndProject
Project("{9A19103F-16F7-4668-BE54-9A1E7A4F7556}") = "ValueAndReferenceTypes", "ValueAndReferenceTypes\ValueAndReferenceTypes.csproj", "{2C05271F-96F2-4DA5-938B-E11AE68978AB}"
EndProject
Project("{9A19103F-16F7-4668-BE54-9A1E7A4F7556}") = "ASimpleStack", "ASimpleStack\ASimpleStack.csproj", "{69018C1E-97E6-429E-BAFC-3E9B9EC61998}"
EndProject
Project("{9A19103F-16F7-4668-BE54-9A1E7A4F7556}") = "StackTests", "StackTests\StackTests.csproj", "{077082B1-7B29-4976-8051-15FECD6E26C5}"
EndProject
Project("{9A19103F-16F7-4668-BE54-9A1E7A4F7556}") = "Parentheses", "Parentheses\Parentheses.csproj", "{7C9BB626-FF4C-4321-A2F9-BBFD59470A72}"
EndProject
Project("{9A19103F-16F7-4668-BE54-9A1E7A4F7556}") = "TestingDatabaseAccess", "TestingDatabaseAccess\TestingDatabaseAccess.csproj", "{451516A0-39C4-4FD9-9EB3-511D6811EFC5}"
EndProject
Project("{9A19103F-16F7-4668-BE54-9A1E7A4F7556}") = "FilterPrototypes", "FilterPrototypes\FilterPrototypes.csproj", "{958D955E-FDE0-4FE8-97E7-C561AE881FEC}"
EndProject
Project("{9A19103F-16F7-4668-BE54-9A1E7A4F7556}") = "AdoNetPrototyping", "AdoNetPrototyping\AdoNetPrototyping.csproj", "{A063895E-47E3-46D1-B268-A4465F62E53C}"
EndProject
Project("{9A19103F-16F7-4668-BE54-9A1E7A4F7556}") = "EFCoreRelationShip", "EFCoreRelationShip\EFCoreRelationShip.csproj", "{865DB039-681B-4720-9ACE-8D0FA060754F}"
EndProject
Project("{FAE04EC0-301F-11D3-BF4B-00C04F79EFBC}") = "PatternMatching", "PatternMatching\PatternMatching.csproj", "{CC4E36ED-2232-4643-B6DA-6EC8D44F8DF9}"
EndProject
Global
	GlobalSection(SolutionConfigurationPlatforms) = preSolution
		Debug|Any CPU = Debug|Any CPU
		Release|Any CPU = Release|Any CPU
	EndGlobalSection
	GlobalSection(ProjectConfigurationPlatforms) = postSolution
		{13F32FE2-14DF-40E2-987C-6F0E7616CB07}.Debug|Any CPU.ActiveCfg = Debug|Any CPU
		{13F32FE2-14DF-40E2-987C-6F0E7616CB07}.Debug|Any CPU.Build.0 = Debug|Any CPU
		{13F32FE2-14DF-40E2-987C-6F0E7616CB07}.Release|Any CPU.ActiveCfg = Release|Any CPU
		{13F32FE2-14DF-40E2-987C-6F0E7616CB07}.Release|Any CPU.Build.0 = Release|Any CPU
		{2D51F589-88B8-43FA-B2D0-0AA8F2EA8E4E}.Debug|Any CPU.ActiveCfg = Debug|Any CPU
		{2D51F589-88B8-43FA-B2D0-0AA8F2EA8E4E}.Debug|Any CPU.Build.0 = Debug|Any CPU
		{2D51F589-88B8-43FA-B2D0-0AA8F2EA8E4E}.Release|Any CPU.ActiveCfg = Release|Any CPU
		{2D51F589-88B8-43FA-B2D0-0AA8F2EA8E4E}.Release|Any CPU.Build.0 = Release|Any CPU
		{3EBC3488-E054-4C49-9CD4-5BC184815FB9}.Debug|Any CPU.ActiveCfg = Debug|Any CPU
		{3EBC3488-E054-4C49-9CD4-5BC184815FB9}.Debug|Any CPU.Build.0 = Debug|Any CPU
		{3EBC3488-E054-4C49-9CD4-5BC184815FB9}.Release|Any CPU.ActiveCfg = Release|Any CPU
		{3EBC3488-E054-4C49-9CD4-5BC184815FB9}.Release|Any CPU.Build.0 = Release|Any CPU
		{DD0AE83A-B2FB-48FF-8F39-A9B7EA517ECC}.Debug|Any CPU.ActiveCfg = Debug|Any CPU
		{DD0AE83A-B2FB-48FF-8F39-A9B7EA517ECC}.Debug|Any CPU.Build.0 = Debug|Any CPU
		{DD0AE83A-B2FB-48FF-8F39-A9B7EA517ECC}.Release|Any CPU.ActiveCfg = Release|Any CPU
		{DD0AE83A-B2FB-48FF-8F39-A9B7EA517ECC}.Release|Any CPU.Build.0 = Release|Any CPU
		{C82F57E0-E0CA-4C6A-8C60-925751F08091}.Debug|Any CPU.ActiveCfg = Debug|Any CPU
		{C82F57E0-E0CA-4C6A-8C60-925751F08091}.Debug|Any CPU.Build.0 = Debug|Any CPU
		{C82F57E0-E0CA-4C6A-8C60-925751F08091}.Release|Any CPU.ActiveCfg = Release|Any CPU
		{C82F57E0-E0CA-4C6A-8C60-925751F08091}.Release|Any CPU.Build.0 = Release|Any CPU
		{2678FC02-1500-4E7B-8B58-885DEEE4F3AA}.Debug|Any CPU.ActiveCfg = Debug|Any CPU
		{2678FC02-1500-4E7B-8B58-885DEEE4F3AA}.Debug|Any CPU.Build.0 = Debug|Any CPU
		{2678FC02-1500-4E7B-8B58-885DEEE4F3AA}.Release|Any CPU.ActiveCfg = Release|Any CPU
		{2678FC02-1500-4E7B-8B58-885DEEE4F3AA}.Release|Any CPU.Build.0 = Release|Any CPU
		{2C05271F-96F2-4DA5-938B-E11AE68978AB}.Debug|Any CPU.ActiveCfg = Debug|Any CPU
		{2C05271F-96F2-4DA5-938B-E11AE68978AB}.Debug|Any CPU.Build.0 = Debug|Any CPU
		{2C05271F-96F2-4DA5-938B-E11AE68978AB}.Release|Any CPU.ActiveCfg = Release|Any CPU
		{2C05271F-96F2-4DA5-938B-E11AE68978AB}.Release|Any CPU.Build.0 = Release|Any CPU
		{69018C1E-97E6-429E-BAFC-3E9B9EC61998}.Debug|Any CPU.ActiveCfg = Debug|Any CPU
		{69018C1E-97E6-429E-BAFC-3E9B9EC61998}.Debug|Any CPU.Build.0 = Debug|Any CPU
		{69018C1E-97E6-429E-BAFC-3E9B9EC61998}.Release|Any CPU.ActiveCfg = Release|Any CPU
		{69018C1E-97E6-429E-BAFC-3E9B9EC61998}.Release|Any CPU.Build.0 = Release|Any CPU
		{077082B1-7B29-4976-8051-15FECD6E26C5}.Debug|Any CPU.ActiveCfg = Debug|Any CPU
		{077082B1-7B29-4976-8051-15FECD6E26C5}.Debug|Any CPU.Build.0 = Debug|Any CPU
		{077082B1-7B29-4976-8051-15FECD6E26C5}.Release|Any CPU.ActiveCfg = Release|Any CPU
		{077082B1-7B29-4976-8051-15FECD6E26C5}.Release|Any CPU.Build.0 = Release|Any CPU
		{7C9BB626-FF4C-4321-A2F9-BBFD59470A72}.Debug|Any CPU.ActiveCfg = Debug|Any CPU
		{7C9BB626-FF4C-4321-A2F9-BBFD59470A72}.Debug|Any CPU.Build.0 = Debug|Any CPU
		{7C9BB626-FF4C-4321-A2F9-BBFD59470A72}.Release|Any CPU.ActiveCfg = Release|Any CPU
		{7C9BB626-FF4C-4321-A2F9-BBFD59470A72}.Release|Any CPU.Build.0 = Release|Any CPU
		{451516A0-39C4-4FD9-9EB3-511D6811EFC5}.Debug|Any CPU.ActiveCfg = Debug|Any CPU
		{451516A0-39C4-4FD9-9EB3-511D6811EFC5}.Debug|Any CPU.Build.0 = Debug|Any CPU
		{451516A0-39C4-4FD9-9EB3-511D6811EFC5}.Release|Any CPU.ActiveCfg = Release|Any CPU
		{451516A0-39C4-4FD9-9EB3-511D6811EFC5}.Release|Any CPU.Build.0 = Release|Any CPU
		{958D955E-FDE0-4FE8-97E7-C561AE881FEC}.Debug|Any CPU.ActiveCfg = Debug|Any CPU
		{958D955E-FDE0-4FE8-97E7-C561AE881FEC}.Debug|Any CPU.Build.0 = Debug|Any CPU
		{958D955E-FDE0-4FE8-97E7-C561AE881FEC}.Release|Any CPU.ActiveCfg = Release|Any CPU
		{958D955E-FDE0-4FE8-97E7-C561AE881FEC}.Release|Any CPU.Build.0 = Release|Any CPU
		{A063895E-47E3-46D1-B268-A4465F62E53C}.Debug|Any CPU.ActiveCfg = Debug|Any CPU
		{A063895E-47E3-46D1-B268-A4465F62E53C}.Debug|Any CPU.Build.0 = Debug|Any CPU
		{A063895E-47E3-46D1-B268-A4465F62E53C}.Release|Any CPU.ActiveCfg = Release|Any CPU
		{A063895E-47E3-46D1-B268-A4465F62E53C}.Release|Any CPU.Build.0 = Release|Any CPU
		{865DB039-681B-4720-9ACE-8D0FA060754F}.Debug|Any CPU.ActiveCfg = Debug|Any CPU
		{865DB039-681B-4720-9ACE-8D0FA060754F}.Debug|Any CPU.Build.0 = Debug|Any CPU
		{865DB039-681B-4720-9ACE-8D0FA060754F}.Release|Any CPU.ActiveCfg = Release|Any CPU
		{865DB039-681B-4720-9ACE-8D0FA060754F}.Release|Any CPU.Build.0 = Release|Any CPU
		{CC4E36ED-2232-4643-B6DA-6EC8D44F8DF9}.Debug|Any CPU.ActiveCfg = Debug|Any CPU
		{CC4E36ED-2232-4643-B6DA-6EC8D44F8DF9}.Debug|Any CPU.Build.0 = Debug|Any CPU
		{CC4E36ED-2232-4643-B6DA-6EC8D44F8DF9}.Release|Any CPU.ActiveCfg = Release|Any CPU
		{CC4E36ED-2232-4643-B6DA-6EC8D44F8DF9}.Release|Any CPU.Build.0 = Release|Any CPU
	EndGlobalSection
	GlobalSection(SolutionProperties) = preSolution
		HideSolutionNode = FALSE
	EndGlobalSection
	GlobalSection(ExtensibilityGlobals) = postSolution
		SolutionGuid = {7DEE5F85-1E3E-46F8-A63F-E2863EC9BC08}
	EndGlobalSection
EndGlobal
