
Microsoft Visual Studio Solution File, Format Version 12.00
# Visual Studio Version 17
VisualStudioVersion = 17.6.33801.468
MinimumVisualStudioVersion = 10.0.40219.1
Project("{9A19103F-16F7-4668-BE54-9A1E7A4F7556}") = "CodeGenerator", "CodeGenerator\CodeGenerator.csproj", "{13F32FE2-14DF-40E2-987C-6F0E7616CB07}"
EndProject
Project("{9A19103F-16F7-4668-BE54-9A1E7A4F7556}") = "GeneratorClient", "GeneratorClient\GeneratorClient.csproj", "{2D51F589-88B8-43FA-B2D0-0AA8F2EA8E4E}"
EndProject
Project("{FAE04EC0-301F-11D3-BF4B-00C04F79EFBC}") = "SimpleTCPClient", "SimpleTCPClient\SimpleTCPClient.csproj", "{3EBC3488-E054-4C49-9CD4-5BC184815FB9}"
EndProject
Global
	GlobalSection(SolutionConfigurationPlatforms) = preSolution
		Debug|Any CPU = Debug|Any CPU
		Release|Any CPU = Release|Any CPU
	EndGlobalSection
	GlobalSection(ProjectConfigurationPlatforms) = postSolution
		{13F32FE2-14DF-40E2-987C-6F0E7616CB07}.Debug|Any CPU.ActiveCfg = Debug|Any CPU
		{13F32FE2-14DF-40E2-987C-6F0E7616CB07}.Debug|Any CPU.Build.0 = Debug|Any CPU
		{13F32FE2-14DF-40E2-987C-6F0E7616CB07}.Release|Any CPU.ActiveCfg = Release|Any CPU
		{13F32FE2-14DF-40E2-987C-6F0E7616CB07}.Release|Any CPU.Build.0 = Release|Any CPU
		{2D51F589-88B8-43FA-B2D0-0AA8F2EA8E4E}.Debug|Any CPU.ActiveCfg = Debug|Any CPU
		{2D51F589-88B8-43FA-B2D0-0AA8F2EA8E4E}.Debug|Any CPU.Build.0 = Debug|Any CPU
		{2D51F589-88B8-43FA-B2D0-0AA8F2EA8E4E}.Release|Any CPU.ActiveCfg = Release|Any CPU
		{2D51F589-88B8-43FA-B2D0-0AA8F2EA8E4E}.Release|Any CPU.Build.0 = Release|Any CPU
		{3EBC3488-E054-4C49-9CD4-5BC184815FB9}.Debug|Any CPU.ActiveCfg = Debug|Any CPU
		{3EBC3488-E054-4C49-9CD4-5BC184815FB9}.Debug|Any CPU.Build.0 = Debug|Any CPU
		{3EBC3488-E054-4C49-9CD4-5BC184815FB9}.Release|Any CPU.ActiveCfg = Release|Any CPU
		{3EBC3488-E054-4C49-9CD4-5BC184815FB9}.Release|Any CPU.Build.0 = Release|Any CPU
	EndGlobalSection
	GlobalSection(SolutionProperties) = preSolution
		HideSolutionNode = FALSE
	EndGlobalSection
	GlobalSection(ExtensibilityGlobals) = postSolution
		SolutionGuid = {7DEE5F85-1E3E-46F8-A63F-E2863EC9BC08}
	EndGlobalSection
EndGlobal
